
Microsoft Visual Studio Solution File, Format Version 12.00
# Visual Studio Version 16
VisualStudioVersion = 16.0.31424.327
MinimumVisualStudioVersion = 10.0.40219.1
Project("{8BC9CEB8-8B4A-11D0-8D11-00A0C91BC942}") = "chronicle-benchmark", "chronicle-benchmark.vcxproj", "{82782274-E3BC-42FE-84C2-E313465A7C6B}"
EndProject
Global
	GlobalSection(SolutionConfigurationPlatforms) = preSolution
		Debug|x64 = Debug|x64
		Release|x64 = Release|x64
	EndGlobalSection
	GlobalSection(ProjectConfigurationPlatforms) = postSolution
		{82782274-E3BC-42FE-84C2-E313465A7C6B}.Debug|x64.ActiveCfg = Debug|x64
		{82782274-E3BC-42FE-84C2-E313465A7C6B}.Debug|x64.Build.0 = Debug|x64
		{82782274-E3BC-42FE-84C2-E313465A7C6B}.Release|x64.ActiveCfg = Release|x64
		{82782274-E3BC-42FE-84C2-E313465A7C6B}.Release|x64.Build.0 = Release|x64
	EndGlobalSection
	GlobalSection(SolutionProperties) = preSolution
		HideSolutionNode = FALSE
	EndGlobalSection
	GlobalSection(ExtensibilityGlobals) = postSolution
		SolutionGuid = {6188AAA7-2046-46E3-9376-517A9D77A709}
	EndGlobalSection
EndGlobal
